dependencies:
- name: argo-events
  repository: https://argoproj.github.io/argo-helm
  version: 2.4.20
- name: metacontroller-helm
  repository: oci://ghcr.io/metacontroller
  version: 4.15.0
digest: sha256:cd264308f5400ca4fbcda0ad42c6475d36dd9ff8ec545afacf8737472fbc2ca3
generated: "2026-05-28T08:58:53.458835512+01:00"
