dependencies:
- name: argo-events
  repository: https://argoproj.github.io/argo-helm
  version: 2.4.9
- name: metacontroller-helm
  repository: oci://ghcr.io/metacontroller
  version: 4.15.0
digest: sha256:cebfe83f6391e360563587099a03ef62a058fddb81fa5cff42e2000ce1721a65
generated: "2026-05-28T15:44:00.60302199+01:00"
