dependencies:
- name: common
  repository: oci://docker.io/bitnamicharts
  version: 2.23.0
- name: vcluster
  repository: https://charts.loft.sh
  version: 0.36.1
- name: secrets
  repository: file://./charts/secrets
  version: 0.0.18
digest: sha256:b33147fb1c7b15ffeb219185d1b7eeab1c97bdf0a2cd93d49a1b948bd3ca15b3
generated: "2026-08-07T10:36:31.823636509+01:00"
