dependencies:
- name: common
  repository: oci://docker.io/bitnamicharts
  version: 2.23.0
- name: vcluster
  repository: https://charts.loft.sh
  version: 0.28.0
- name: secrets
  repository: file://./charts/secrets
  version: 0.0.15
digest: sha256:7041a7dc2df222e95cee4cf4c2947b15c5ba61078aed75d226a3bed05fc38757
generated: "2026-07-03T08:31:13.233256831+01:00"
