dependencies:
- name: common
  repository: oci://docker.io/bitnamicharts
  version: 2.23.0
- name: vcluster
  repository: https://charts.loft.sh
  version: 0.28.0
- name: secrets
  repository: file://./charts/secrets
  version: 0.0.17
digest: sha256:b598a84612c28fe34f0900d89602790c2b2e630b9a3d549f16ff202dc0ea0e90
generated: "2026-07-17T11:25:55.182284912+01:00"
