dependencies:
- name: argo-workflows
  repository: https://argoproj.github.io/argo-helm
  version: 0.45.4
- name: postgresql-ha
  repository: https://charts.bitnami.com/bitnami
  version: 14.3.9
- name: oauth2-proxy
  repository: https://oauth2-proxy.github.io/manifests
  version: 7.8.0
- name: localstack
  repository: https://localstack.github.io/helm-charts
  version: 0.6.20
- name: oidc-mock
  repository: file://./charts/oidc-mock
  version: 0.1.0
digest: sha256:610575f559e9da78afae6d84e6ced649400d7bc514353e472d0ec83488411482
generated: "2025-02-26T15:04:06.647576225Z"
