dependencies:
- name: argo-workflows
  repository: https://argoproj.github.io/argo-helm
  version: 0.41.4
- name: postgresql-ha
  repository: http://charts.bitnami.com/bitnami
  version: 14.0.12
digest: sha256:2a055eafa4be9312f3ee8ba2ff58f80bbc39cfb5105ff509f3221aaf65a32fda
generated: "2024-05-13T14:25:08.353522503+01:00"
