dependencies:
- name: common
  repository: oci://docker.io/bitnamicharts
  version: 2.23.0
- name: argo-cd
  repository: https://argoproj.github.io/argo-helm
  version: 10.2.1
digest: sha256:52fa6cb4f87aaad4c1440860990135d4e6ee91d5959fe6d5bb5002bbf188a684
generated: "2026-07-27T09:10:40.128784611+01:00"
