dependencies:
- name: opentelemetry-collector
  repository: https://open-telemetry.github.io/opentelemetry-helm-charts
  version: 0.114.0
- name: opentelemetry-collector
  repository: https://open-telemetry.github.io/opentelemetry-helm-charts
  version: 0.114.0
digest: sha256:ea718a2fe7e745fe1bc5523687d0b78f54e13d6036411cb8828916f690a10485
generated: "2026-02-26T16:04:05.616035792Z"
